// !$*UTF8*$!
{
	archiveVersion = 1;
	classes = {
	};
	objectVersion = 51;
	objects = {

/* Begin PBXBuildFile section */
		4957718D4AAC4662DE50FD29 /* Pods_DemoNoSwiftUI.framework in Frameworks */ = {isa = PBXBuildFile; fileRef = 0AAD1EB94E57810EE56C88CC /* Pods_DemoNoSwiftUI.framework */; };
		8E11AFCA2478D43E0074AFD6 /* CollectionViewContoller.swift in Sources */ = {isa = PBXBuildFile; fileRef = 8E11AFC92478D43E0074AFD6 /* CollectionViewContoller.swift */; };
		8E11AFCC2478FF640074AFD6 /* ScrollZoom.swift in Sources */ = {isa = PBXBuildFile; fileRef = 8E11AFCB2478FF640074AFD6 /* ScrollZoom.swift */; };
		8E11AFCE24791B930074AFD6 /* FirstViewController.swift in Sources */ = {isa = PBXBuildFile; fileRef = 8E11AFCD24791B930074AFD6 /* FirstViewController.swift */; };
		8E11AFD024791BA00074AFD6 /* SecondViewController.swift in Sources */ = {isa = PBXBuildFile; fileRef = 8E11AFCF24791BA00074AFD6 /* SecondViewController.swift */; };
		8E14432924C59C06000B9AC8 /* ycnn_models in Resources */ = {isa = PBXBuildFile; fileRef = 8E14432824C59C06000B9AC8 /* ycnn_models */; };
		8E14432B24C59CAC000B9AC8 /* LoadBundletViewController.swift in Sources */ = {isa = PBXBuildFile; fileRef = 8E14432A24C59CAC000B9AC8 /* LoadBundletViewController.swift */; };
		8E1C5E2624419BF1005CBACA /* Const.swift in Sources */ = {isa = PBXBuildFile; fileRef = 8E1C5E2524419BF1005CBACA /* Const.swift */; };
		8E1C5E2B2441B6DE005CBACA /* MGLStringEx.swift in Sources */ = {isa = PBXBuildFile; fileRef = 8E1C5E2A2441B6DE005CBACA /* MGLStringEx.swift */; };
		8E1C5E9F24456A67005CBACA /* YYLabelDemo.swift in Sources */ = {isa = PBXBuildFile; fileRef = 8E1C5E9E24456A67005CBACA /* YYLabelDemo.swift */; };
		8E1C5EA124459830005CBACA /* Fruit.swift in Sources */ = {isa = PBXBuildFile; fileRef = 8E1C5EA02445982F005CBACA /* Fruit.swift */; };
		8E1C5EA92445DDEB005CBACA /* ViewControllerDemo.swift in Sources */ = {isa = PBXBuildFile; fileRef = 8E1C5EA82445DDEA005CBACA /* ViewControllerDemo.swift */; };
		8E452DD524B485D500DBA526 /* InputViewController.swift in Sources */ = {isa = PBXBuildFile; fileRef = 8E452DD424B485D500DBA526 /* InputViewController.swift */; };
		8E4F58DD24AADD4D00C4B9C7 /* CGRectExtension.swift in Sources */ = {isa = PBXBuildFile; fileRef = 8E4F58DC24AADD4D00C4B9C7 /* CGRectExtension.swift */; };
		8E57247D24852D4600A3C13A /* BlurBgButton.swift in Sources */ = {isa = PBXBuildFile; fileRef = 8E57247C24852D4500A3C13A /* BlurBgButton.swift */; };
		8E5AAC9D2489D4D90000F458 /* RootTableViewController.swift in Sources */ = {isa = PBXBuildFile; fileRef = 8E5AAC9C2489D4D90000F458 /* RootTableViewController.swift */; };
		8E5AAC9F2489D67F0000F458 /* RxObservableViewController.swift in Sources */ = {isa = PBXBuildFile; fileRef = 8E5AAC9E2489D67F0000F458 /* RxObservableViewController.swift */; };
		8E5E7DF32464FEC600B8B59D /* KeyboardManager.swift in Sources */ = {isa = PBXBuildFile; fileRef = 8E5E7DF22464FEC600B8B59D /* KeyboardManager.swift */; };
		8E683EDF24C1BBEF006CDF9A /* KimVideoMeetingNoResultView.swift in Sources */ = {isa = PBXBuildFile; fileRef = 8E683EDE24C1BBEF006CDF9A /* KimVideoMeetingNoResultView.swift */; };
		8E683EE124C1CE71006CDF9A /* NoResultViewController.swift in Sources */ = {isa = PBXBuildFile; fileRef = 8E683EE024C1CE70006CDF9A /* NoResultViewController.swift */; };
		8E6E880324B6A88F004FD489 /* TableViewController.swift in Sources */ = {isa = PBXBuildFile; fileRef = 8E6E880224B6A88F004FD489 /* TableViewController.swift */; };
		8E6F0AF524B5BFE500405B73 /* InputViewController2.swift in Sources */ = {isa = PBXBuildFile; fileRef = 8E6F0AF424B5BFE500405B73 /* InputViewController2.swift */; };
		8E72AC0524BED797005CB9B1 /* TextViewController.swift in Sources */ = {isa = PBXBuildFile; fileRef = 8E72AC0424BED796005CB9B1 /* TextViewController.swift */; };
		8E72AC0A24BFE9DA005CB9B1 /* TextViewController2.swift in Sources */ = {isa = PBXBuildFile; fileRef = 8E72AC0924BFE9D9005CB9B1 /* TextViewController2.swift */; };
		8E72AC0C24BFEB18005CB9B1 /* UIColorExt.swift in Sources */ = {isa = PBXBuildFile; fileRef = 8E72AC0B24BFEB18005CB9B1 /* UIColorExt.swift */; };
		8E72AC1724C035E4005CB9B1 /* WithoutAnimationViewContronller.swift in Sources */ = {isa = PBXBuildFile; fileRef = 8E72AC1624C035E2005CB9B1 /* WithoutAnimationViewContronller.swift */; };
		8E77AD0C24C7D4CA00AD90F3 /* CGAffineTransformViewController.swift in Sources */ = {isa = PBXBuildFile; fileRef = 8E77AD0B24C7D4CA00AD90F3 /* CGAffineTransformViewController.swift */; };
		8E7FB5CF2446F47800AD8C83 /* MGLImageExtension.swift in Sources */ = {isa = PBXBuildFile; fileRef = 8E7FB5CE2446F47800AD8C83 /* MGLImageExtension.swift */; };
		8E7FB5D124470A7500AD8C83 /* OBJAddressProtocol.swift in Sources */ = {isa = PBXBuildFile; fileRef = 8E7FB5D024470A7500AD8C83 /* OBJAddressProtocol.swift */; };
		8E7FB5E22447FB5400AD8C83 /* MGLSlider.swift in Sources */ = {isa = PBXBuildFile; fileRef = 8E7FB5E12447FB5400AD8C83 /* MGLSlider.swift */; };
		8E83A8DE24B02C5D00CA536A /* RxWrapper.swift in Sources */ = {isa = PBXBuildFile; fileRef = 8E83A8DD24B02C5D00CA536A /* RxWrapper.swift */; };
		8E97202624B8094600382E40 /* SwitchUIViewController.swift in Sources */ = {isa = PBXBuildFile; fileRef = 8E97202524B8094600382E40 /* SwitchUIViewController.swift */; };
		8E97202D24B8391D00382E40 /* LayoutViewController.swift in Sources */ = {isa = PBXBuildFile; fileRef = 8E97202C24B8391D00382E40 /* LayoutViewController.swift */; };
		8E9C9B55246692240040A7B3 /* MGLFileManager.swift in Sources */ = {isa = PBXBuildFile; fileRef = 8E9C9B54246692240040A7B3 /* MGLFileManager.swift */; };
		8E9FFCCD24BC8AE000E7EC0F /* RotateViewController.swift in Sources */ = {isa = PBXBuildFile; fileRef = 8E9FFCCC24BC8AE000E7EC0F /* RotateViewController.swift */; };
		8EA22E38248DE42C00A53008 /* MyTableViewController.swift in Sources */ = {isa = PBXBuildFile; fileRef = 8EA22E37248DE42C00A53008 /* MyTableViewController.swift */; };
		8EAC44392459170C004F4567 /* MGLTextInputDemo.swift in Sources */ = {isa = PBXBuildFile; fileRef = 8EAC44382459170C004F4567 /* MGLTextInputDemo.swift */; };
		8EB1800C247BA54A00FE90E7 /* MLGUICollectionViewExtension.swift in Sources */ = {isa = PBXBuildFile; fileRef = 8EB1800B247BA54900FE90E7 /* MLGUICollectionViewExtension.swift */; };
		8EB628EF244D7A340083B322 /* SubStringTests.swift in Sources */ = {isa = PBXBuildFile; fileRef = 8EB628EE244D7A340083B322 /* SubStringTests.swift */; };
		8EB628F0244D7A6B0083B322 /* MGLStringEx.swift in Sources */ = {isa = PBXBuildFile; fileRef = 8E1C5E2A2441B6DE005CBACA /* MGLStringEx.swift */; };
		8ED470AE24A9F7E300F745C1 /* FrameTransformViewController.swift in Sources */ = {isa = PBXBuildFile; fileRef = 8ED470AD24A9F7E300F745C1 /* FrameTransformViewController.swift */; };
		8ED6FC8624B453140062712B /* SafeAreaViewController.swift in Sources */ = {isa = PBXBuildFile; fileRef = 8ED6FC8524B453140062712B /* SafeAreaViewController.swift */; };
		8EDF53222440222600517EAE /* AppDelegate.swift in Sources */ = {isa = PBXBuildFile; fileRef = 8EDF53212440222600517EAE /* AppDelegate.swift */; };
		8EDF53242440222600517EAE /* SceneDelegate.swift in Sources */ = {isa = PBXBuildFile; fileRef = 8EDF53232440222600517EAE /* SceneDelegate.swift */; };
		8EDF53262440222600517EAE /* ViewController.swift in Sources */ = {isa = PBXBuildFile; fileRef = 8EDF53252440222600517EAE /* ViewController.swift */; };
		8EDF53292440222600517EAE /* Main.storyboard in Resources */ = {isa = PBXBuildFile; fileRef = 8EDF53272440222600517EAE /* Main.storyboard */; };
		8EDF532B2440222800517EAE /* Assets.xcassets in Resources */ = {isa = PBXBuildFile; fileRef = 8EDF532A2440222800517EAE /* Assets.xcassets */; };
		8EDF532E2440222800517EAE /* LaunchScreen.storyboard in Resources */ = {isa = PBXBuildFile; fileRef = 8EDF532C2440222800517EAE /* LaunchScreen.storyboard */; };
		8EDF53392440222800517EAE /* DemoNoSwiftUITests.swift in Sources */ = {isa = PBXBuildFile; fileRef = 8EDF53382440222800517EAE /* DemoNoSwiftUITests.swift */; };
		8EDF53442440222800517EAE /* DemoNoSwiftUIUITests.swift in Sources */ = {isa = PBXBuildFile; fileRef = 8EDF53432440222800517EAE /* DemoNoSwiftUIUITests.swift */; };
		8EEFBA0524ADB37B008C2243 /* MGLDataCollection.swift in Sources */ = {isa = PBXBuildFile; fileRef = 8EEFBA0424ADB37B008C2243 /* MGLDataCollection.swift */; };
		8EF1E413244927DB00323FAC /* MGLUIViewExtension.swift in Sources */ = {isa = PBXBuildFile; fileRef = 8EF1E412244927DB00323FAC /* MGLUIViewExtension.swift */; };
		8EF1E415244935EC00323FAC /* MGLUIViewExtension.swift in Sources */ = {isa = PBXBuildFile; fileRef = 8EF1E412244927DB00323FAC /* MGLUIViewExtension.swift */; };
		90E9EDF0C34F9578BDD05D38 /* Pods_DemoNoSwiftUITests.framework in Frameworks */ = {isa = PBXBuildFile; fileRef = 2A48EBD8EB17AB3DEF1A88FE /* Pods_DemoNoSwiftUITests.framework */; };
/* End PBXBuildFile section */

/* Begin PBXContainerItemProxy section */
		8EDF53352440222800517EAE /* PBXContainerItemProxy */ = {
			isa = PBXContainerItemProxy;
			containerPortal = 8EDF53162440222600517EAE /* Project object */;
			proxyType = 1;
			remoteGlobalIDString = 8EDF531D2440222600517EAE;
			remoteInfo = DemoNoSwiftUI;
		};
		8EDF53402440222800517EAE /* PBXContainerItemProxy */ = {
			isa = PBXContainerItemProxy;
			containerPortal = 8EDF53162440222600517EAE /* Project object */;
			proxyType = 1;
			remoteGlobalIDString = 8EDF531D2440222600517EAE;
			remoteInfo = DemoNoSwiftUI;
		};
/* End PBXContainerItemProxy section */

/* Begin PBXFileReference section */
		0AAD1EB94E57810EE56C88CC /* Pods_DemoNoSwiftUI.framework */ = {isa = PBXFileReference; explicitFileType = wrapper.framework; includeInIndex = 0; path = Pods_DemoNoSwiftUI.framework; sourceTree = BUILT_PRODUCTS_DIR; };
		2A48EBD8EB17AB3DEF1A88FE /* Pods_DemoNoSwiftUITests.framework */ = {isa = PBXFileReference; explicitFileType = wrapper.framework; includeInIndex = 0; path = Pods_DemoNoSwiftUITests.framework; sourceTree = BUILT_PRODUCTS_DIR; };
		31F5F6CEC00C838836C17845 /* Pods-DemoNoSwiftUITests.release.xcconfig */ = {isa = PBXFileReference; includeInIndex = 1; lastKnownFileType = text.xcconfig; name = "Pods-DemoNoSwiftUITests.release.xcconfig"; path = "Target Support Files/Pods-DemoNoSwiftUITests/Pods-DemoNoSwiftUITests.release.xcconfig"; sourceTree = "<group>"; };
		5DD4DE8ADFD917DF8C4FA6FE /* Pods-DemoNoSwiftUITests.debug.xcconfig */ = {isa = PBXFileReference; includeInIndex = 1; lastKnownFileType = text.xcconfig; name = "Pods-DemoNoSwiftUITests.debug.xcconfig"; path = "Target Support Files/Pods-DemoNoSwiftUITests/Pods-DemoNoSwiftUITests.debug.xcconfig"; sourceTree = "<group>"; };
		8E11AFC92478D43E0074AFD6 /* CollectionViewContoller.swift */ = {isa = PBXFileReference; lastKnownFileType = sourcecode.swift; path = CollectionViewContoller.swift; sourceTree = "<group>"; };
		8E11AFCB2478FF640074AFD6 /* ScrollZoom.swift */ = {isa = PBXFileReference; lastKnownFileType = sourcecode.swift; path = ScrollZoom.swift; sourceTree = "<group>"; };
		8E11AFCD24791B930074AFD6 /* FirstViewController.swift */ = {isa = PBXFileReference; lastKnownFileType = sourcecode.swift; path = FirstViewController.swift; sourceTree = "<group>"; };
		8E11AFCF24791BA00074AFD6 /* SecondViewController.swift */ = {isa = PBXFileReference; lastKnownFileType = sourcecode.swift; path = SecondViewController.swift; sourceTree = "<group>"; };
		8E14432824C59C06000B9AC8 /* ycnn_models */ = {isa = PBXFileReference; lastKnownFileType = folder; path = ycnn_models; sourceTree = "<group>"; };
		8E14432A24C59CAC000B9AC8 /* LoadBundletViewController.swift */ = {isa = PBXFileReference; fileEncoding = 4; lastKnownFileType = sourcecode.swift; path = LoadBundletViewController.swift; sourceTree = "<group>"; };
		8E1C5E2524419BF1005CBACA /* Const.swift */ = {isa = PBXFileReference; lastKnownFileType = sourcecode.swift; path = Const.swift; sourceTree = "<group>"; };
		8E1C5E2A2441B6DE005CBACA /* MGLStringEx.swift */ = {isa = PBXFileReference; lastKnownFileType = sourcecode.swift; path = MGLStringEx.swift; sourceTree = "<group>"; };
		8E1C5E9E24456A67005CBACA /* YYLabelDemo.swift */ = {isa = PBXFileReference; lastKnownFileType = sourcecode.swift; path = YYLabelDemo.swift; sourceTree = "<group>"; };
		8E1C5EA02445982F005CBACA /* Fruit.swift */ = {isa = PBXFileReference; lastKnownFileType = sourcecode.swift; path = Fruit.swift; sourceTree = "<group>"; };
		8E1C5EA82445DDEA005CBACA /* ViewControllerDemo.swift */ = {isa = PBXFileReference; lastKnownFileType = sourcecode.swift; path = ViewControllerDemo.swift; sourceTree = "<group>"; };
		8E452DD424B485D500DBA526 /* InputViewController.swift */ = {isa = PBXFileReference; lastKnownFileType = sourcecode.swift; path = InputViewController.swift; sourceTree = "<group>"; };
		8E4F58DC24AADD4D00C4B9C7 /* CGRectExtension.swift */ = {isa = PBXFileReference; lastKnownFileType = sourcecode.swift; path = CGRectExtension.swift; sourceTree = "<group>"; };
		8E57247C24852D4500A3C13A /* BlurBgButton.swift */ = {isa = PBXFileReference; lastKnownFileType = sourcecode.swift; path = BlurBgButton.swift; sourceTree = "<group>"; };
		8E5AAC9C2489D4D90000F458 /* RootTableViewController.swift */ = {isa = PBXFileReference; lastKnownFileType = sourcecode.swift; path = RootTableViewController.swift; sourceTree = "<group>"; };
		8E5AAC9E2489D67F0000F458 /* RxObservableViewController.swift */ = {isa = PBXFileReference; lastKnownFileType = sourcecode.swift; path = RxObservableViewController.swift; sourceTree = "<group>"; };
		8E5E7DF22464FEC600B8B59D /* KeyboardManager.swift */ = {isa = PBXFileReference; lastKnownFileType = sourcecode.swift; path = KeyboardManager.swift; sourceTree = "<group>"; };
		8E683EDE24C1BBEF006CDF9A /* KimVideoMeetingNoResultView.swift */ = {isa = PBXFileReference; lastKnownFileType = sourcecode.swift; path = KimVideoMeetingNoResultView.swift; sourceTree = "<group>"; };
		8E683EE024C1CE70006CDF9A /* NoResultViewController.swift */ = {isa = PBXFileReference; lastKnownFileType = sourcecode.swift; path = NoResultViewController.swift; sourceTree = "<group>"; };
		8E6E880224B6A88F004FD489 /* TableViewController.swift */ = {isa = PBXFileReference; lastKnownFileType = sourcecode.swift; path = TableViewController.swift; sourceTree = "<group>"; };
		8E6F0AF424B5BFE500405B73 /* InputViewController2.swift */ = {isa = PBXFileReference; lastKnownFileType = sourcecode.swift; path = InputViewController2.swift; sourceTree = "<group>"; };
		8E72AC0424BED796005CB9B1 /* TextViewController.swift */ = {isa = PBXFileReference; lastKnownFileType = sourcecode.swift; path = TextViewController.swift; sourceTree = "<group>"; };
		8E72AC0924BFE9D9005CB9B1 /* TextViewController2.swift */ = {isa = PBXFileReference; lastKnownFileType = sourcecode.swift; path = TextViewController2.swift; sourceTree = "<group>"; };
		8E72AC0B24BFEB18005CB9B1 /* UIColorExt.swift */ = {isa = PBXFileReference; lastKnownFileType = sourcecode.swift; path = UIColorExt.swift; sourceTree = "<group>"; };
		8E72AC1624C035E2005CB9B1 /* WithoutAnimationViewContronller.swift */ = {isa = PBXFileReference; lastKnownFileType = sourcecode.swift; path = WithoutAnimationViewContronller.swift; sourceTree = "<group>"; };
		8E77AD0B24C7D4CA00AD90F3 /* CGAffineTransformViewController.swift */ = {isa = PBXFileReference; lastKnownFileType = sourcecode.swift; path = CGAffineTransformViewController.swift; sourceTree = "<group>"; };
		8E7FB5CE2446F47800AD8C83 /* MGLImageExtension.swift */ = {isa = PBXFileReference; lastKnownFileType = sourcecode.swift; path = MGLImageExtension.swift; sourceTree = "<group>"; };
		8E7FB5D024470A7500AD8C83 /* OBJAddressProtocol.swift */ = {isa = PBXFileReference; lastKnownFileType = sourcecode.swift; path = OBJAddressProtocol.swift; sourceTree = "<group>"; };
		8E7FB5E12447FB5400AD8C83 /* MGLSlider.swift */ = {isa = PBXFileReference; lastKnownFileType = sourcecode.swift; path = MGLSlider.swift; sourceTree = "<group>"; };
		8E83A8DD24B02C5D00CA536A /* RxWrapper.swift */ = {isa = PBXFileReference; lastKnownFileType = sourcecode.swift; path = RxWrapper.swift; sourceTree = "<group>"; };
		8E97202524B8094600382E40 /* SwitchUIViewController.swift */ = {isa = PBXFileReference; lastKnownFileType = sourcecode.swift; path = SwitchUIViewController.swift; sourceTree = "<group>"; };
		8E97202C24B8391D00382E40 /* LayoutViewController.swift */ = {isa = PBXFileReference; lastKnownFileType = sourcecode.swift; path = LayoutViewController.swift; sourceTree = "<group>"; };
		8E9C9B54246692240040A7B3 /* MGLFileManager.swift */ = {isa = PBXFileReference; fileEncoding = 4; lastKnownFileType = sourcecode.swift; path = MGLFileManager.swift; sourceTree = "<group>"; };
		8E9FFCCC24BC8AE000E7EC0F /* RotateViewController.swift */ = {isa = PBXFileReference; lastKnownFileType = sourcecode.swift; path = RotateViewController.swift; sourceTree = "<group>"; };
		8EA22E37248DE42C00A53008 /* MyTableViewController.swift */ = {isa = PBXFileReference; lastKnownFileType = sourcecode.swift; path = MyTableViewController.swift; sourceTree = "<group>"; };
		8EAC44382459170C004F4567 /* MGLTextInputDemo.swift */ = {isa = PBXFileReference; lastKnownFileType = sourcecode.swift; path = MGLTextInputDemo.swift; sourceTree = "<group>"; };
		8EB1800B247BA54900FE90E7 /* MLGUICollectionViewExtension.swift */ = {isa = PBXFileReference; lastKnownFileType = sourcecode.swift; path = MLGUICollectionViewExtension.swift; sourceTree = "<group>"; };
		8EB628EE244D7A340083B322 /* SubStringTests.swift */ = {isa = PBXFileReference; lastKnownFileType = sourcecode.swift; path = SubStringTests.swift; sourceTree = "<group>"; };
		8ED470AD24A9F7E300F745C1 /* FrameTransformViewController.swift */ = {isa = PBXFileReference; lastKnownFileType = sourcecode.swift; path = FrameTransformViewController.swift; sourceTree = "<group>"; };
		8ED6FC8524B453140062712B /* SafeAreaViewController.swift */ = {isa = PBXFileReference; lastKnownFileType = sourcecode.swift; path = SafeAreaViewController.swift; sourceTree = "<group>"; };
		8EDF531E2440222600517EAE /* DemoNoSwiftUI.app */ = {isa = PBXFileReference; explicitFileType = wrapper.application; includeInIndex = 0; path = DemoNoSwiftUI.app; sourceTree = BUILT_PRODUCTS_DIR; };
		8EDF53212440222600517EAE /* AppDelegate.swift */ = {isa = PBXFileReference; lastKnownFileType = sourcecode.swift; path = AppDelegate.swift; sourceTree = "<group>"; };
		8EDF53232440222600517EAE /* SceneDelegate.swift */ = {isa = PBXFileReference; lastKnownFileType = sourcecode.swift; path = SceneDelegate.swift; sourceTree = "<group>"; };
		8EDF53252440222600517EAE /* ViewController.swift */ = {isa = PBXFileReference; lastKnownFileType = sourcecode.swift; path = ViewController.swift; sourceTree = "<group>"; };
		8EDF53282440222600517EAE /* Base */ = {isa = PBXFileReference; lastKnownFileType = file.storyboard; name = Base; path = Base.lproj/Main.storyboard; sourceTree = "<group>"; };
		8EDF532A2440222800517EAE /* Assets.xcassets */ = {isa = PBXFileReference; lastKnownFileType = folder.assetcatalog; path = Assets.xcassets; sourceTree = "<group>"; };
		8EDF532D2440222800517EAE /* Base */ = {isa = PBXFileReference; lastKnownFileType = file.storyboard; name = Base; path = Base.lproj/LaunchScreen.storyboard; sourceTree = "<group>"; };
		8EDF532F2440222800517EAE /* Info.plist */ = {isa = PBXFileReference; lastKnownFileType = text.plist.xml; path = Info.plist; sourceTree = "<group>"; };
		8EDF53342440222800517EAE /* DemoNoSwiftUITests.xctest */ = {isa = PBXFileReference; explicitFileType = wrapper.cfbundle; includeInIndex = 0; path = DemoNoSwiftUITests.xctest; sourceTree = BUILT_PRODUCTS_DIR; };
		8EDF53382440222800517EAE /* DemoNoSwiftUITests.swift */ = {isa = PBXFileReference; lastKnownFileType = sourcecode.swift; path = DemoNoSwiftUITests.swift; sourceTree = "<group>"; };
		8EDF533A2440222800517EAE /* Info.plist */ = {isa = PBXFileReference; lastKnownFileType = text.plist.xml; path = Info.plist; sourceTree = "<group>"; };
		8EDF533F2440222800517EAE /* DemoNoSwiftUIUITests.xctest */ = {isa = PBXFileReference; explicitFileType = wrapper.cfbundle; includeInIndex = 0; path = DemoNoSwiftUIUITests.xctest; sourceTree = BUILT_PRODUCTS_DIR; };
		8EDF53432440222800517EAE /* DemoNoSwiftUIUITests.swift */ = {isa = PBXFileReference; lastKnownFileType = sourcecode.swift; path = DemoNoSwiftUIUITests.swift; sourceTree = "<group>"; };
		8EDF53452440222800517EAE /* Info.plist */ = {isa = PBXFileReference; lastKnownFileType = text.plist.xml; path = Info.plist; sourceTree = "<group>"; };
		8EEFBA0424ADB37B008C2243 /* MGLDataCollection.swift */ = {isa = PBXFileReference; lastKnownFileType = sourcecode.swift; path = MGLDataCollection.swift; sourceTree = "<group>"; };
		8EF1E412244927DB00323FAC /* MGLUIViewExtension.swift */ = {isa = PBXFileReference; lastKnownFileType = sourcecode.swift; path = MGLUIViewExtension.swift; sourceTree = "<group>"; };
		ADEDE65026F7F05B39B748E3 /* Pods-DemoNoSwiftUI.release.xcconfig */ = {isa = PBXFileReference; includeInIndex = 1; lastKnownFileType = text.xcconfig; name = "Pods-DemoNoSwiftUI.release.xcconfig"; path = "Target Support Files/Pods-DemoNoSwiftUI/Pods-DemoNoSwiftUI.release.xcconfig"; sourceTree = "<group>"; };
		B8841388C25EF7CBD3983115 /* Pods-DemoNoSwiftUI.debug.xcconfig */ = {isa = PBXFileReference; includeInIndex = 1; lastKnownFileType = text.xcconfig; name = "Pods-DemoNoSwiftUI.debug.xcconfig"; path = "Target Support Files/Pods-DemoNoSwiftUI/Pods-DemoNoSwiftUI.debug.xcconfig"; sourceTree = "<group>"; };
/* End PBXFileReference section */

/* Begin PBXFrameworksBuildPhase section */
		8EDF531B2440222600517EAE /* Frameworks */ = {
			isa = PBXFrameworksBuildPhase;
			buildActionMask = 2147483647;
			files = (
				4957718D4AAC4662DE50FD29 /* Pods_DemoNoSwiftUI.framework in Frameworks */,
			);
			runOnlyForDeploymentPostprocessing = 0;
		};
		8EDF53312440222800517EAE /* Frameworks */ = {
			isa = PBXFrameworksBuildPhase;
			buildActionMask = 2147483647;
			files = (
				90E9EDF0C34F9578BDD05D38 /* Pods_DemoNoSwiftUITests.framework in Frameworks */,
			);
			runOnlyForDeploymentPostprocessing = 0;
		};
		8EDF533C2440222800517EAE /* Frameworks */ = {
			isa = PBXFrameworksBuildPhase;
			buildActionMask = 2147483647;
			files = (
			);
			runOnlyForDeploymentPostprocessing = 0;
		};
/* End PBXFrameworksBuildPhase section */

/* Begin PBXGroup section */
		00236CFE9DEA2D36333E38D3 /* Frameworks */ = {
			isa = PBXGroup;
			children = (
				0AAD1EB94E57810EE56C88CC /* Pods_DemoNoSwiftUI.framework */,
				2A48EBD8EB17AB3DEF1A88FE /* Pods_DemoNoSwiftUITests.framework */,
			);
			name = Frameworks;
			sourceTree = "<group>";
		};
		24CB3DD5E625325A553A1A99 /* Pods */ = {
			isa = PBXGroup;
			children = (
				B8841388C25EF7CBD3983115 /* Pods-DemoNoSwiftUI.debug.xcconfig */,
				ADEDE65026F7F05B39B748E3 /* Pods-DemoNoSwiftUI.release.xcconfig */,
				5DD4DE8ADFD917DF8C4FA6FE /* Pods-DemoNoSwiftUITests.debug.xcconfig */,
				31F5F6CEC00C838836C17845 /* Pods-DemoNoSwiftUITests.release.xcconfig */,
			);
			path = Pods;
			sourceTree = "<group>";
		};
		8EDF53152440222600517EAE = {
			isa = PBXGroup;
			children = (
				8EDF53202440222600517EAE /* DemoNoSwiftUI */,
				8EDF53372440222800517EAE /* DemoNoSwiftUITests */,
				8EDF53422440222800517EAE /* DemoNoSwiftUIUITests */,
				8EDF531F2440222600517EAE /* Products */,
				24CB3DD5E625325A553A1A99 /* Pods */,
				00236CFE9DEA2D36333E38D3 /* Frameworks */,
			);
			sourceTree = "<group>";
		};
		8EDF531F2440222600517EAE /* Products */ = {
			isa = PBXGroup;
			children = (
				8EDF531E2440222600517EAE /* DemoNoSwiftUI.app */,
				8EDF53342440222800517EAE /* DemoNoSwiftUITests.xctest */,
				8EDF533F2440222800517EAE /* DemoNoSwiftUIUITests.xctest */,
			);
			name = Products;
			sourceTree = "<group>";
		};
		8EDF53202440222600517EAE /* DemoNoSwiftUI */ = {
			isa = PBXGroup;
			children = (
				8EDF53212440222600517EAE /* AppDelegate.swift */,
				8EDF53232440222600517EAE /* SceneDelegate.swift */,
				8EDF53252440222600517EAE /* ViewController.swift */,
				8E5AAC9C2489D4D90000F458 /* RootTableViewController.swift */,
				8E5AAC9E2489D67F0000F458 /* RxObservableViewController.swift */,
				8E6E880224B6A88F004FD489 /* TableViewController.swift */,
				8EA22E37248DE42C00A53008 /* MyTableViewController.swift */,
				8E11AFC92478D43E0074AFD6 /* CollectionViewContoller.swift */,
				8E11AFCD24791B930074AFD6 /* FirstViewController.swift */,
				8E11AFCF24791BA00074AFD6 /* SecondViewController.swift */,
				8ED470AD24A9F7E300F745C1 /* FrameTransformViewController.swift */,
				8ED6FC8524B453140062712B /* SafeAreaViewController.swift */,
				8E452DD424B485D500DBA526 /* InputViewController.swift */,
				8E6F0AF424B5BFE500405B73 /* InputViewController2.swift */,
				8E97202524B8094600382E40 /* SwitchUIViewController.swift */,
				8E97202C24B8391D00382E40 /* LayoutViewController.swift */,
				8E9FFCCC24BC8AE000E7EC0F /* RotateViewController.swift */,
				8E72AC0424BED796005CB9B1 /* TextViewController.swift */,
				8E72AC0924BFE9D9005CB9B1 /* TextViewController2.swift */,
				8E72AC1624C035E2005CB9B1 /* WithoutAnimationViewContronller.swift */,
				8E683EE024C1CE70006CDF9A /* NoResultViewController.swift */,
				8E14432A24C59CAC000B9AC8 /* LoadBundletViewController.swift */,
				8E77AD0B24C7D4CA00AD90F3 /* CGAffineTransformViewController.swift */,
				8E11AFCB2478FF640074AFD6 /* ScrollZoom.swift */,
				8E1C5E9E24456A67005CBACA /* YYLabelDemo.swift */,
				8E1C5EA82445DDEA005CBACA /* ViewControllerDemo.swift */,
				8E7FB5CE2446F47800AD8C83 /* MGLImageExtension.swift */,
				8EAC44382459170C004F4567 /* MGLTextInputDemo.swift */,
				8E9C9B54246692240040A7B3 /* MGLFileManager.swift */,
				8E1C5E2524419BF1005CBACA /* Const.swift */,
				8E1C5E2A2441B6DE005CBACA /* MGLStringEx.swift */,
				8EF1E412244927DB00323FAC /* MGLUIViewExtension.swift */,
				8EB1800B247BA54900FE90E7 /* MLGUICollectionViewExtension.swift */,
				8E4F58DC24AADD4D00C4B9C7 /* CGRectExtension.swift */,
				8E5E7DF22464FEC600B8B59D /* KeyboardManager.swift */,
				8E1C5EA02445982F005CBACA /* Fruit.swift */,
				8E7FB5E12447FB5400AD8C83 /* MGLSlider.swift */,
				8E57247C24852D4500A3C13A /* BlurBgButton.swift */,
				8E683EDE24C1BBEF006CDF9A /* KimVideoMeetingNoResultView.swift */,
				8E72AC0B24BFEB18005CB9B1 /* UIColorExt.swift */,
				8E7FB5D024470A7500AD8C83 /* OBJAddressProtocol.swift */,
				8EEFBA0424ADB37B008C2243 /* MGLDataCollection.swift */,
				8E83A8DD24B02C5D00CA536A /* RxWrapper.swift */,
				8E14432824C59C06000B9AC8 /* ycnn_models */,
				8EDF53272440222600517EAE /* Main.storyboard */,
				8EDF532A2440222800517EAE /* Assets.xcassets */,
				8EDF532C2440222800517EAE /* LaunchScreen.storyboard */,
				8EDF532F2440222800517EAE /* Info.plist */,
			);
			path = DemoNoSwiftUI;
			sourceTree = "<group>";
		};
		8EDF53372440222800517EAE /* DemoNoSwiftUITests */ = {
			isa = PBXGroup;
			children = (
				8EDF53382440222800517EAE /* DemoNoSwiftUITests.swift */,
				8EB628EE244D7A340083B322 /* SubStringTests.swift */,
				8EDF533A2440222800517EAE /* Info.plist */,
			);
			path = DemoNoSwiftUITests;
			sourceTree = "<group>";
		};
		8EDF53422440222800517EAE /* DemoNoSwiftUIUITests */ = {
			isa = PBXGroup;
			children = (
				8EDF53432440222800517EAE /* DemoNoSwiftUIUITests.swift */,
				8EDF53452440222800517EAE /* Info.plist */,
			);
			path = DemoNoSwiftUIUITests;
			sourceTree = "<group>";
		};
/* End PBXGroup section */

/* Begin PBXNativeTarget section */
		8EDF531D2440222600517EAE /* DemoNoSwiftUI */ = {
			isa = PBXNativeTarget;
			buildConfigurationList = 8EDF53482440222800517EAE /* Build configuration list for PBXNativeTarget "DemoNoSwiftUI" */;
			buildPhases = (
				5F9B5C327C2975D0A2E887F4 /* [CP] Check Pods Manifest.lock */,
				8EDF531A2440222600517EAE /* Sources */,
				8EDF531B2440222600517EAE /* Frameworks */,
				8EDF531C2440222600517EAE /* Resources */,
				AFB26C26811F3806A22199ED /* [CP] Embed Pods Frameworks */,
			);
			buildRules = (
			);
			dependencies = (
			);
			name = DemoNoSwiftUI;
			productName = DemoNoSwiftUI;
			productReference = 8EDF531E2440222600517EAE /* DemoNoSwiftUI.app */;
			productType = "com.apple.product-type.application";
		};
		8EDF53332440222800517EAE /* DemoNoSwiftUITests */ = {
			isa = PBXNativeTarget;
			buildConfigurationList = 8EDF534B2440222800517EAE /* Build configuration list for PBXNativeTarget "DemoNoSwiftUITests" */;
			buildPhases = (
				7186FA9D1C88F68B45917B69 /* [CP] Check Pods Manifest.lock */,
				8EDF53302440222800517EAE /* Sources */,
				8EDF53312440222800517EAE /* Frameworks */,
				8EDF53322440222800517EAE /* Resources */,
				D41F905B2D37DC331E2F2543 /* [CP] Embed Pods Frameworks */,
			);
			buildRules = (
			);
			dependencies = (
				8EDF53362440222800517EAE /* PBXTargetDependency */,
			);
			name = DemoNoSwiftUITests;
			productName = DemoNoSwiftUITests;
			productReference = 8EDF53342440222800517EAE /* DemoNoSwiftUITests.xctest */;
			productType = "com.apple.product-type.bundle.unit-test";
		};
		8EDF533E2440222800517EAE /* DemoNoSwiftUIUITests */ = {
			isa = PBXNativeTarget;
			buildConfigurationList = 8EDF534E2440222800517EAE /* Build configuration list for PBXNativeTarget "DemoNoSwiftUIUITests" */;
			buildPhases = (
				8EDF533B2440222800517EAE /* Sources */,
				8EDF533C2440222800517EAE /* Frameworks */,
				8EDF533D2440222800517EAE /* Resources */,
			);
			buildRules = (
			);
			dependencies = (
				8EDF53412440222800517EAE /* PBXTargetDependency */,
			);
			name = DemoNoSwiftUIUITests;
			productName = DemoNoSwiftUIUITests;
			productReference = 8EDF533F2440222800517EAE /* DemoNoSwiftUIUITests.xctest */;
			productType = "com.apple.product-type.bundle.ui-testing";
		};
/* End PBXNativeTarget section */

/* Begin PBXProject section */
		8EDF53162440222600517EAE /* Project object */ = {
			isa = PBXProject;
			attributes = {
				LastSwiftUpdateCheck = 1140;
				LastUpgradeCheck = 1140;
				ORGANIZATIONNAME = "miao gaoliang";
				TargetAttributes = {
					8EDF531D2440222600517EAE = {
						CreatedOnToolsVersion = 11.4;
					};
					8EDF53332440222800517EAE = {
						CreatedOnToolsVersion = 11.4;
						TestTargetID = 8EDF531D2440222600517EAE;
					};
					8EDF533E2440222800517EAE = {
						CreatedOnToolsVersion = 11.4;
						TestTargetID = 8EDF531D2440222600517EAE;
					};
				};
			};
			buildConfigurationList = 8EDF53192440222600517EAE /* Build configuration list for PBXProject "DemoNoSwiftUI" */;
			compatibilityVersion = "Xcode 9.3";
			developmentRegion = en;
			hasScannedForEncodings = 0;
			knownRegions = (
				en,
				Base,
			);
			mainGroup = 8EDF53152440222600517EAE;
			productRefGroup = 8EDF531F2440222600517EAE /* Products */;
			projectDirPath = "";
			projectRoot = "";
			targets = (
				8EDF531D2440222600517EAE /* DemoNoSwiftUI */,
				8EDF53332440222800517EAE /* DemoNoSwiftUITests */,
				8EDF533E2440222800517EAE /* DemoNoSwiftUIUITests */,
			);
		};
/* End PBXProject section */

/* Begin PBXResourcesBuildPhase section */
		8EDF531C2440222600517EAE /* Resources */ = {
			isa = PBXResourcesBuildPhase;
			buildActionMask = 2147483647;
			files = (
				8EDF532E2440222800517EAE /* LaunchScreen.storyboard in Resources */,
				8EDF532B2440222800517EAE /* Assets.xcassets in Resources */,
				8E14432924C59C06000B9AC8 /* ycnn_models in Resources */,
				8EDF53292440222600517EAE /* Main.storyboard in Resources */,
			);
			runOnlyForDeploymentPostprocessing = 0;
		};
		8EDF53322440222800517EAE /* Resources */ = {
			isa = PBXResourcesBuildPhase;
			buildActionMask = 2147483647;
			files = (
			);
			runOnlyForDeploymentPostprocessing = 0;
		};
		8EDF533D2440222800517EAE /* Resources */ = {
			isa = PBXResourcesBuildPhase;
			buildActionMask = 2147483647;
			files = (
			);
			runOnlyForDeploymentPostprocessing = 0;
		};
/* End PBXResourcesBuildPhase section */

/* Begin PBXShellScriptBuildPhase section */
		5F9B5C327C2975D0A2E887F4 /* [CP] Check Pods Manifest.lock */ = {
			isa = PBXShellScriptBuildPhase;
			buildActionMask = 2147483647;
			files = (
			);
			inputFileListPaths = (
			);
			inputPaths = (
				"${PODS_PODFILE_DIR_PATH}/Podfile.lock",
				"${PODS_ROOT}/Manifest.lock",
			);
			name = "[CP] Check Pods Manifest.lock";
			outputFileListPaths = (
			);
			outputPaths = (
				"$(DERIVED_FILE_DIR)/Pods-DemoNoSwiftUI-checkManifestLockResult.txt",
			);
			runOnlyForDeploymentPostprocessing = 0;
			shellPath = /bin/sh;
			shellScript = "diff \"${PODS_PODFILE_DIR_PATH}/Podfile.lock\" \"${PODS_ROOT}/Manifest.lock\" > /dev/null\nif [ $? != 0 ] ; then\n    # print error to STDERR\n    echo \"error: The sandbox is not in sync with the Podfile.lock. Run 'pod install' or update your CocoaPods installation.\" >&2\n    exit 1\nfi\n# This output is used by Xcode 'outputs' to avoid re-running this script phase.\necho \"SUCCESS\" > \"${SCRIPT_OUTPUT_FILE_0}\"\n";
			showEnvVarsInLog = 0;
		};
		7186FA9D1C88F68B45917B69 /* [CP] Check Pods Manifest.lock */ = {
			isa = PBXShellScriptBuildPhase;
			buildActionMask = 2147483647;
			files = (
			);
			inputFileListPaths = (
			);
			inputPaths = (
				"${PODS_PODFILE_DIR_PATH}/Podfile.lock",
				"${PODS_ROOT}/Manifest.lock",
			);
			name = "[CP] Check Pods Manifest.lock";
			outputFileListPaths = (
			);
			outputPaths = (
				"$(DERIVED_FILE_DIR)/Pods-DemoNoSwiftUITests-checkManifestLockResult.txt",
			);
			runOnlyForDeploymentPostprocessing = 0;
			shellPath = /bin/sh;
			shellScript = "diff \"${PODS_PODFILE_DIR_PATH}/Podfile.lock\" \"${PODS_ROOT}/Manifest.lock\" > /dev/null\nif [ $? != 0 ] ; then\n    # print error to STDERR\n    echo \"error: The sandbox is not in sync with the Podfile.lock. Run 'pod install' or update your CocoaPods installation.\" >&2\n    exit 1\nfi\n# This output is used by Xcode 'outputs' to avoid re-running this script phase.\necho \"SUCCESS\" > \"${SCRIPT_OUTPUT_FILE_0}\"\n";
			showEnvVarsInLog = 0;
		};
		AFB26C26811F3806A22199ED /* [CP] Embed Pods Frameworks */ = {
			isa = PBXShellScriptBuildPhase;
			buildActionMask = 2147483647;
			files = (
			);
			inputFileListPaths = (
				"${PODS_ROOT}/Target Support Files/Pods-DemoNoSwiftUI/Pods-DemoNoSwiftUI-frameworks-${CONFIGURATION}-input-files.xcfilelist",
			);
			name = "[CP] Embed Pods Frameworks";
			outputFileListPaths = (
				"${PODS_ROOT}/Target Support Files/Pods-DemoNoSwiftUI/Pods-DemoNoSwiftUI-frameworks-${CONFIGURATION}-output-files.xcfilelist",
			);
			runOnlyForDeploymentPostprocessing = 0;
			shellPath = /bin/sh;
			shellScript = "\"${PODS_ROOT}/Target Support Files/Pods-DemoNoSwiftUI/Pods-DemoNoSwiftUI-frameworks.sh\"\n";
			showEnvVarsInLog = 0;
		};
		D41F905B2D37DC331E2F2543 /* [CP] Embed Pods Frameworks */ = {
			isa = PBXShellScriptBuildPhase;
			buildActionMask = 2147483647;
			files = (
			);
			inputFileListPaths = (
				"${PODS_ROOT}/Target Support Files/Pods-DemoNoSwiftUITests/Pods-DemoNoSwiftUITests-frameworks-${CONFIGURATION}-input-files.xcfilelist",
			);
			name = "[CP] Embed Pods Frameworks";
			outputFileListPaths = (
				"${PODS_ROOT}/Target Support Files/Pods-DemoNoSwiftUITests/Pods-DemoNoSwiftUITests-frameworks-${CONFIGURATION}-output-files.xcfilelist",
			);
			runOnlyForDeploymentPostprocessing = 0;
			shellPath = /bin/sh;
			shellScript = "\"${PODS_ROOT}/Target Support Files/Pods-DemoNoSwiftUITests/Pods-DemoNoSwiftUITests-frameworks.sh\"\n";
			showEnvVarsInLog = 0;
		};
/* End PBXShellScriptBuildPhase section */

/* Begin PBXSourcesBuildPhase section */
		8EDF531A2440222600517EAE /* Sources */ = {
			isa = PBXSourcesBuildPhase;
			buildActionMask = 2147483647;
			files = (
				8EDF53262440222600517EAE /* ViewController.swift in Sources */,
				8EEFBA0524ADB37B008C2243 /* MGLDataCollection.swift in Sources */,
				8E11AFCA2478D43E0074AFD6 /* CollectionViewContoller.swift in Sources */,
				8E14432B24C59CAC000B9AC8 /* LoadBundletViewController.swift in Sources */,
				8E1C5E2624419BF1005CBACA /* Const.swift in Sources */,
				8E11AFD024791BA00074AFD6 /* SecondViewController.swift in Sources */,
				8EDF53222440222600517EAE /* AppDelegate.swift in Sources */,
				8E1C5E9F24456A67005CBACA /* YYLabelDemo.swift in Sources */,
				8E72AC0C24BFEB18005CB9B1 /* UIColorExt.swift in Sources */,
				8E7FB5D124470A7500AD8C83 /* OBJAddressProtocol.swift in Sources */,
				8EF1E413244927DB00323FAC /* MGLUIViewExtension.swift in Sources */,
				8E683EE124C1CE71006CDF9A /* NoResultViewController.swift in Sources */,
				8E1C5EA124459830005CBACA /* Fruit.swift in Sources */,
				8E7FB5CF2446F47800AD8C83 /* MGLImageExtension.swift in Sources */,
				8EB1800C247BA54A00FE90E7 /* MLGUICollectionViewExtension.swift in Sources */,
				8E5AAC9F2489D67F0000F458 /* RxObservableViewController.swift in Sources */,
				8ED470AE24A9F7E300F745C1 /* FrameTransformViewController.swift in Sources */,
				8E11AFCE24791B930074AFD6 /* FirstViewController.swift in Sources */,
				8E6F0AF524B5BFE500405B73 /* InputViewController2.swift in Sources */,
				8E57247D24852D4600A3C13A /* BlurBgButton.swift in Sources */,
				8E72AC0A24BFE9DA005CB9B1 /* TextViewController2.swift in Sources */,
				8E72AC1724C035E4005CB9B1 /* WithoutAnimationViewContronller.swift in Sources */,
				8EDF53242440222600517EAE /* SceneDelegate.swift in Sources */,
				8E11AFCC2478FF640074AFD6 /* ScrollZoom.swift in Sources */,
				8E9FFCCD24BC8AE000E7EC0F /* RotateViewController.swift in Sources */,
				8E77AD0C24C7D4CA00AD90F3 /* CGAffineTransformViewController.swift in Sources */,
				8E9C9B55246692240040A7B3 /* MGLFileManager.swift in Sources */,
				8E7FB5E22447FB5400AD8C83 /* MGLSlider.swift in Sources */,
				8E683EDF24C1BBEF006CDF9A /* KimVideoMeetingNoResultView.swift in Sources */,
				8E1C5E2B2441B6DE005CBACA /* MGLStringEx.swift in Sources */,
				8E72AC0524BED797005CB9B1 /* TextViewController.swift in Sources */,
				8E452DD524B485D500DBA526 /* InputViewController.swift in Sources */,
				8E83A8DE24B02C5D00CA536A /* RxWrapper.swift in Sources */,
				8E97202D24B8391D00382E40 /* LayoutViewController.swift in Sources */,
				8EA22E38248DE42C00A53008 /* MyTableViewController.swift in Sources */,
				8E4F58DD24AADD4D00C4B9C7 /* CGRectExtension.swift in Sources */,
				8EAC44392459170C004F4567 /* MGLTextInputDemo.swift in Sources */,
				8E6E880324B6A88F004FD489 /* TableViewController.swift in Sources */,
				8E5AAC9D2489D4D90000F458 /* RootTableViewController.swift in Sources */,
				8E5E7DF32464FEC600B8B59D /* KeyboardManager.swift in Sources */,
				8E1C5EA92445DDEB005CBACA /* ViewControllerDemo.swift in Sources */,
				8E97202624B8094600382E40 /* SwitchUIViewController.swift in Sources */,
				8ED6FC8624B453140062712B /* SafeAreaViewController.swift in Sources */,
			);
			runOnlyForDeploymentPostprocessing = 0;
		};
		8EDF53302440222800517EAE /* Sources */ = {
			isa = PBXSourcesBuildPhase;
			buildActionMask = 2147483647;
			files = (
				8EB628F0244D7A6B0083B322 /* MGLStringEx.swift in Sources */,
				8EDF53392440222800517EAE /* DemoNoSwiftUITests.swift in Sources */,
				8EB628EF244D7A340083B322 /* SubStringTests.swift in Sources */,
			);
			runOnlyForDeploymentPostprocessing = 0;
		};
		8EDF533B2440222800517EAE /* Sources */ = {
			isa = PBXSourcesBuildPhase;
			buildActionMask = 2147483647;
			files = (
				8EDF53442440222800517EAE /* DemoNoSwiftUIUITests.swift in Sources */,
				8EF1E415244935EC00323FAC /* MGLUIViewExtension.swift in Sources */,
			);
			runOnlyForDeploymentPostprocessing = 0;
		};
/* End PBXSourcesBuildPhase section */

/* Begin PBXTargetDependency section */
		8EDF53362440222800517EAE /* PBXTargetDependency */ = {
			isa = PBXTargetDependency;
			target = 8EDF531D2440222600517EAE /* DemoNoSwiftUI */;
			targetProxy = 8EDF53352440222800517EAE /* PBXContainerItemProxy */;
		};
		8EDF53412440222800517EAE /* PBXTargetDependency */ = {
			isa = PBXTargetDependency;
			target = 8EDF531D2440222600517EAE /* DemoNoSwiftUI */;
			targetProxy = 8EDF53402440222800517EAE /* PBXContainerItemProxy */;
		};
/* End PBXTargetDependency section */

/* Begin PBXVariantGroup section */
		8EDF53272440222600517EAE /* Main.storyboard */ = {
			isa = PBXVariantGroup;
			children = (
				8EDF53282440222600517EAE /* Base */,
			);
			name = Main.storyboard;
			sourceTree = "<group>";
		};
		8EDF532C2440222800517EAE /* LaunchScreen.storyboard */ = {
			isa = PBXVariantGroup;
			children = (
				8EDF532D2440222800517EAE /* Base */,
			);
			name = LaunchScreen.storyboard;
			sourceTree = "<group>";
		};
/* End PBXVariantGroup section */

/* Begin XCBuildConfiguration section */
		8EDF53462440222800517EAE /* Debug */ = {
			isa = XCBuildConfiguration;
			buildSettings = {
				ALWAYS_SEARCH_USER_PATHS = NO;
				CLANG_ANALYZER_NONNULL = YES;
				CLANG_ANALYZER_NUMBER_OBJECT_CONVERSION = YES_AGGRESSIVE;
				CLANG_CXX_LANGUAGE_STANDARD = "gnu++14";
				CLANG_CXX_LIBRARY = "libc++";
				CLANG_ENABLE_MODULES = YES;
				CLANG_ENABLE_OBJC_ARC = YES;
				CLANG_ENABLE_OBJC_WEAK = YES;
				CLANG_WARN_BLOCK_CAPTURE_AUTORELEASING = YES;
				CLANG_WARN_BOOL_CONVERSION = YES;
				CLANG_WARN_COMMA = YES;
				CLANG_WARN_CONSTANT_CONVERSION = YES;
				CLANG_WARN_DEPRECATED_OBJC_IMPLEMENTATIONS = YES;
				CLANG_WARN_DIRECT_OBJC_ISA_USAGE = YES_ERROR;
				CLANG_WARN_DOCUMENTATION_COMMENTS = YES;
				CLANG_WARN_EMPTY_BODY = YES;
				CLANG_WARN_ENUM_CONVERSION = YES;
				CLANG_WARN_INFINITE_RECURSION = YES;
				CLANG_WARN_INT_CONVERSION = YES;
				CLANG_WARN_NON_LITERAL_NULL_CONVERSION = YES;
				CLANG_WARN_OBJC_IMPLICIT_RETAIN_SELF = YES;
				CLANG_WARN_OBJC_LITERAL_CONVERSION = YES;
				CLANG_WARN_OBJC_ROOT_CLASS = YES_ERROR;
				CLANG_WARN_RANGE_LOOP_ANALYSIS = YES;
				CLANG_WARN_STRICT_PROTOTYPES = YES;
				CLANG_WARN_SUSPICIOUS_MOVE = YES;
				CLANG_WARN_UNGUARDED_AVAILABILITY = YES_AGGRESSIVE;
				CLANG_WARN_UNREACHABLE_CODE = YES;
				CLANG_WARN__DUPLICATE_METHOD_MATCH = YES;
				COPY_PHASE_STRIP = NO;
				DEBUG_INFORMATION_FORMAT = dwarf;
				ENABLE_STRICT_OBJC_MSGSEND = YES;
				ENABLE_TESTABILITY = YES;
				GCC_C_LANGUAGE_STANDARD = gnu11;
				GCC_DYNAMIC_NO_PIC = NO;
				GCC_NO_COMMON_BLOCKS = YES;
				GCC_OPTIMIZATION_LEVEL = 0;
				GCC_PREPROCESSOR_DEFINITIONS = (
					"DEBUG=1",
					"$(inherited)",
				);
				GCC_WARN_64_TO_32_BIT_CONVERSION = YES;
				GCC_WARN_ABOUT_RETURN_TYPE = YES_ERROR;
				GCC_WARN_UNDECLARED_SELECTOR = YES;
				GCC_WARN_UNINITIALIZED_AUTOS = YES_AGGRESSIVE;
				GCC_WARN_UNUSED_FUNCTION = YES;
				GCC_WARN_UNUSED_VARIABLE = YES;
				IPHONEOS_DEPLOYMENT_TARGET = 13.4;
				MTL_ENABLE_DEBUG_INFO = INCLUDE_SOURCE;
				MTL_FAST_MATH = YES;
				ONLY_ACTIVE_ARCH = YES;
				SDKROOT = iphoneos;
				SWIFT_ACTIVE_COMPILATION_CONDITIONS = DEBUG;
				SWIFT_OPTIMIZATION_LEVEL = "-Onone";
			};
			name = Debug;
		};
		8EDF53472440222800517EAE /* Release */ = {
			isa = XCBuildConfiguration;
			buildSettings = {
				ALWAYS_SEARCH_USER_PATHS = NO;
				CLANG_ANALYZER_NONNULL = YES;
				CLANG_ANALYZER_NUMBER_OBJECT_CONVERSION = YES_AGGRESSIVE;
				CLANG_CXX_LANGUAGE_STANDARD = "gnu++14";
				CLANG_CXX_LIBRARY = "libc++";
				CLANG_ENABLE_MODULES = YES;
				CLANG_ENABLE_OBJC_ARC = YES;
				CLANG_ENABLE_OBJC_WEAK = YES;
				CLANG_WARN_BLOCK_CAPTURE_AUTORELEASING = YES;
				CLANG_WARN_BOOL_CONVERSION = YES;
				CLANG_WARN_COMMA = YES;
				CLANG_WARN_CONSTANT_CONVERSION = YES;
				CLANG_WARN_DEPRECATED_OBJC_IMPLEMENTATIONS = YES;
				CLANG_WARN_DIRECT_OBJC_ISA_USAGE = YES_ERROR;
				CLANG_WARN_DOCUMENTATION_COMMENTS = YES;
				CLANG_WARN_EMPTY_BODY = YES;
				CLANG_WARN_ENUM_CONVERSION = YES;
				CLANG_WARN_INFINITE_RECURSION = YES;
				CLANG_WARN_INT_CONVERSION = YES;
				CLANG_WARN_NON_LITERAL_NULL_CONVERSION = YES;
				CLANG_WARN_OBJC_IMPLICIT_RETAIN_SELF = YES;
				CLANG_WARN_OBJC_LITERAL_CONVERSION = YES;
				CLANG_WARN_OBJC_ROOT_CLASS = YES_ERROR;
				CLANG_WARN_RANGE_LOOP_ANALYSIS = YES;
				CLANG_WARN_STRICT_PROTOTYPES = YES;
				CLANG_WARN_SUSPICIOUS_MOVE = YES;
				CLANG_WARN_UNGUARDED_AVAILABILITY = YES_AGGRESSIVE;
				CLANG_WARN_UNREACHABLE_CODE = YES;
				CLANG_WARN__DUPLICATE_METHOD_MATCH = YES;
				COPY_PHASE_STRIP = NO;
				DEBUG_INFORMATION_FORMAT = "dwarf-with-dsym";
				ENABLE_NS_ASSERTIONS = NO;
				ENABLE_STRICT_OBJC_MSGSEND = YES;
				GCC_C_LANGUAGE_STANDARD = gnu11;
				GCC_NO_COMMON_BLOCKS = YES;
				GCC_WARN_64_TO_32_BIT_CONVERSION = YES;
				GCC_WARN_ABOUT_RETURN_TYPE = YES_ERROR;
				GCC_WARN_UNDECLARED_SELECTOR = YES;
				GCC_WARN_UNINITIALIZED_AUTOS = YES_AGGRESSIVE;
				GCC_WARN_UNUSED_FUNCTION = YES;
				GCC_WARN_UNUSED_VARIABLE = YES;
				IPHONEOS_DEPLOYMENT_TARGET = 13.4;
				MTL_ENABLE_DEBUG_INFO = NO;
				MTL_FAST_MATH = YES;
				SDKROOT = iphoneos;
				SWIFT_COMPILATION_MODE = wholemodule;
				SWIFT_OPTIMIZATION_LEVEL = "-O";
				VALIDATE_PRODUCT = YES;
			};
			name = Release;
		};
		8EDF53492440222800517EAE /* Debug */ = {
			isa = XCBuildConfiguration;
			baseConfigurationReference = B8841388C25EF7CBD3983115 /* Pods-DemoNoSwiftUI.debug.xcconfig */;
			buildSettings = {
				ASSETCATALOG_COMPILER_APPICON_NAME = AppIcon;
				CODE_SIGN_STYLE = Automatic;
				DEVELOPMENT_TEAM = SMRC976R46;
				INFOPLIST_FILE = DemoNoSwiftUI/Info.plist;
				IPHONEOS_DEPLOYMENT_TARGET = 13.0;
				LD_RUNPATH_SEARCH_PATHS = (
					"$(inherited)",
					"@executable_path/Frameworks",
				);
				PRODUCT_BUNDLE_IDENTIFIER = mgl.DemoNoSwiftUI;
				PRODUCT_NAME = "$(TARGET_NAME)";
				SWIFT_VERSION = 5.0;
				TARGETED_DEVICE_FAMILY = "1,2";
			};
			name = Debug;
		};
		8EDF534A2440222800517EAE /* Release */ = {
			isa = XCBuildConfiguration;
			baseConfigurationReference = ADEDE65026F7F05B39B748E3 /* Pods-DemoNoSwiftUI.release.xcconfig */;
			buildSettings = {
				ASSETCATALOG_COMPILER_APPICON_NAME = AppIcon;
				CODE_SIGN_STYLE = Automatic;
				DEVELOPMENT_TEAM = SMRC976R46;
				INFOPLIST_FILE = DemoNoSwiftUI/Info.plist;
				IPHONEOS_DEPLOYMENT_TARGET = 13.0;
				LD_RUNPATH_SEARCH_PATHS = (
					"$(inherited)",
					"@executable_path/Frameworks",
				);
				PRODUCT_BUNDLE_IDENTIFIER = mgl.DemoNoSwiftUI;
				PRODUCT_NAME = "$(TARGET_NAME)";
				SWIFT_VERSION = 5.0;
				TARGETED_DEVICE_FAMILY = "1,2";
			};
			name = Release;
		};
		8EDF534C2440222800517EAE /* Debug */ = {
			isa = XCBuildConfiguration;
			baseConfigurationReference = 5DD4DE8ADFD917DF8C4FA6FE /* Pods-DemoNoSwiftUITests.debug.xcconfig */;
			buildSettings = {
				ALWAYS_EMBED_SWIFT_STANDARD_LIBRARIES = YES;
				BUNDLE_LOADER = "$(TEST_HOST)";
				CODE_SIGN_STYLE = Automatic;
				INFOPLIST_FILE = DemoNoSwiftUITests/Info.plist;
				IPHONEOS_DEPLOYMENT_TARGET = 13.4;
				LD_RUNPATH_SEARCH_PATHS = (
					"$(inherited)",
					"@executable_path/Frameworks",
					"@loader_path/Frameworks",
				);
				PRODUCT_BUNDLE_IDENTIFIER = mgl.DemoNoSwiftUITests;
				PRODUCT_NAME = "$(TARGET_NAME)";
				SWIFT_VERSION = 5.0;
				TARGETED_DEVICE_FAMILY = "1,2";
				TEST_HOST = "$(BUILT_PRODUCTS_DIR)/DemoNoSwiftUI.app/DemoNoSwiftUI";
			};
			name = Debug;
		};
		8EDF534D2440222800517EAE /* Release */ = {
			isa = XCBuildConfiguration;
			baseConfigurationReference = 31F5F6CEC00C838836C17845 /* Pods-DemoNoSwiftUITests.release.xcconfig */;
			buildSettings = {
				ALWAYS_EMBED_SWIFT_STANDARD_LIBRARIES = YES;
				BUNDLE_LOADER = "$(TEST_HOST)";
				CODE_SIGN_STYLE = Automatic;
				INFOPLIST_FILE = DemoNoSwiftUITests/Info.plist;
				IPHONEOS_DEPLOYMENT_TARGET = 13.4;
				LD_RUNPATH_SEARCH_PATHS = (
					"$(inherited)",
					"@executable_path/Frameworks",
					"@loader_path/Frameworks",
				);
				PRODUCT_BUNDLE_IDENTIFIER = mgl.DemoNoSwiftUITests;
				PRODUCT_NAME = "$(TARGET_NAME)";
				SWIFT_VERSION = 5.0;
				TARGETED_DEVICE_FAMILY = "1,2";
				TEST_HOST = "$(BUILT_PRODUCTS_DIR)/DemoNoSwiftUI.app/DemoNoSwiftUI";
			};
			name = Release;
		};
		8EDF534F2440222800517EAE /* Debug */ = {
			isa = XCBuildConfiguration;
			buildSettings = {
				ALWAYS_EMBED_SWIFT_STANDARD_LIBRARIES = YES;
				CODE_SIGN_STYLE = Automatic;
				INFOPLIST_FILE = DemoNoSwiftUIUITests/Info.plist;
				LD_RUNPATH_SEARCH_PATHS = (
					"$(inherited)",
					"@executable_path/Frameworks",
					"@loader_path/Frameworks",
				);
				PRODUCT_BUNDLE_IDENTIFIER = mgl.DemoNoSwiftUIUITests;
				PRODUCT_NAME = "$(TARGET_NAME)";
				SWIFT_VERSION = 5.0;
				TARGETED_DEVICE_FAMILY = "1,2";
				TEST_TARGET_NAME = DemoNoSwiftUI;
			};
			name = Debug;
		};
		8EDF53502440222800517EAE /* Release */ = {
			isa = XCBuildConfiguration;
			buildSettings = {
				ALWAYS_EMBED_SWIFT_STANDARD_LIBRARIES = YES;
				CODE_SIGN_STYLE = Automatic;
				INFOPLIST_FILE = DemoNoSwiftUIUITests/Info.plist;
				LD_RUNPATH_SEARCH_PATHS = (
					"$(inherited)",
					"@executable_path/Frameworks",
					"@loader_path/Frameworks",
				);
				PRODUCT_BUNDLE_IDENTIFIER = mgl.DemoNoSwiftUIUITests;
				PRODUCT_NAME = "$(TARGET_NAME)";
				SWIFT_VERSION = 5.0;
				TARGETED_DEVICE_FAMILY = "1,2";
				TEST_TARGET_NAME = DemoNoSwiftUI;
			};
			name = Release;
		};
/* End XCBuildConfiguration section */

/* Begin XCConfigurationList section */
		8EDF53192440222600517EAE /* Build configuration list for PBXProject "DemoNoSwiftUI" */ = {
			isa = XCConfigurationList;
			buildConfigurations = (
				8EDF53462440222800517EAE /* Debug */,
				8EDF53472440222800517EAE /* Release */,
			);
			defaultConfigurationIsVisible = 0;
			defaultConfigurationName = Release;
		};
		8EDF53482440222800517EAE /* Build configuration list for PBXNativeTarget "DemoNoSwiftUI" */ = {
			isa = XCConfigurationList;
			buildConfigurations = (
				8EDF53492440222800517EAE /* Debug */,
				8EDF534A2440222800517EAE /* Release */,
			);
			defaultConfigurationIsVisible = 0;
			defaultConfigurationName = Release;
		};
		8EDF534B2440222800517EAE /* Build configuration list for PBXNativeTarget "DemoNoSwiftUITests" */ = {
			isa = XCConfigurationList;
			buildConfigurations = (
				8EDF534C2440222800517EAE /* Debug */,
				8EDF534D2440222800517EAE /* Release */,
			);
			defaultConfigurationIsVisible = 0;
			defaultConfigurationName = Release;
		};
		8EDF534E2440222800517EAE /* Build configuration list for PBXNativeTarget "DemoNoSwiftUIUITests" */ = {
			isa = XCConfigurationList;
			buildConfigurations = (
				8EDF534F2440222800517EAE /* Debug */,
				8EDF53502440222800517EAE /* Release */,
			);
			defaultConfigurationIsVisible = 0;
			defaultConfigurationName = Release;
		};
/* End XCConfigurationList section */
	};
	rootObject = 8EDF53162440222600517EAE /* Project object */;
}
